version = 1
revision = 1
requires-python = ">=3.12"

[[package]]
name = "annotated-types"
version = "0.7.0"
source = { registry = "https://pypi.org/simple" }
sdist = { url = "https://files.pythonhosted.org/packages/ee/67/531ea369ba64dcff5ec9c3402f9f51bf748cec26dde048a2f973a4eea7f5/annotated_types-0.7.0.tar.gz", hash = "sha256:aff07c09a53a08bc8cfccb9c85b05f1aa9a2a6f23728d790723543408344ce89", size = 16081 }
wheels = [
    { url = "https://files.pythonhosted.org/packages/78/b6/6307fbef88d9b5ee7421e68d78a9f162e0da4900bc5f5793f6d3d0e34fb8/annotated_types-0.7.0-py3-none-any.whl", hash = "sha256:1f02e8b43a8fbbc3f3e0d4f0f4bfc8131bcb4eebe8849b8e5c773f3a1c582a53", size = 13643 },
]

[[package]]
name = "anyio"
version = "4.9.0"
source = { registry = "https://pypi.org/simple" }
dependencies = [
    { name = "idna" },
    { name = "sniffio" },
    { name = "typing-extensions", marker = "python_full_version < '3.13'" },
]
sdist = { url = "https://files.pythonhosted.org/packages/95/7d/4c1bd541d4dffa1b52bd83fb8527089e097a106fc90b467a7313b105f840/anyio-4.9.0.tar.gz", hash = "sha256:673c0c244e15788651a4ff38710fea9675823028a6f08a5eda409e0c9840a028", size = 190949 }
wheels = [
    { url = "https://files.pythonhosted.org/packages/a1/ee/48ca1a7c89ffec8b6a0c5d02b89c305671d5ffd8d3c94acf8b8c408575bb/anyio-4.9.0-py3-none-any.whl", hash = "sha256:9f76d541cad6e36af7beb62e978876f3b41e3e04f2c1fbf0884604c0a9c4d93c", size = 100916 },
]

[[package]]
name = "authlib"
version = "1.6.0"
source = { registry = "https://pypi.org/simple" }
dependencies = [
    { name = "cryptography" },
]
sdist = { url = "https://files.pythonhosted.org/packages/a2/9d/b1e08d36899c12c8b894a44a5583ee157789f26fc4b176f8e4b6217b56e1/authlib-1.6.0.tar.gz", hash = "sha256:4367d32031b7af175ad3a323d571dc7257b7099d55978087ceae4a0d88cd3210", size = 158371 }
wheels = [
    { url = "https://files.pythonhosted.org/packages/84/29/587c189bbab1ccc8c86a03a5d0e13873df916380ef1be461ebe6acebf48d/authlib-1.6.0-py2.py3-none-any.whl", hash = "sha256:91685589498f79e8655e8a8947431ad6288831d643f11c55c2143ffcc738048d", size = 239981 },
]

[[package]]
name = "certifi"
version = "2025.6.15"
source = { registry = "https://pypi.org/simple" }
sdist = { url = "https://files.pythonhosted.org/packages/73/f7/f14b46d4bcd21092d7d3ccef689615220d8a08fb25e564b65d20738e672e/certifi-2025.6.15.tar.gz", hash = "sha256:d747aa5a8b9bbbb1bb8c22bb13e22bd1f18e9796defa16bab421f7f7a317323b", size = 158753 }
wheels = [
    { url = "https://files.pythonhosted.org/packages/84/ae/320161bd181fc06471eed047ecce67b693fd7515b16d495d8932db763426/certifi-2025.6.15-py3-none-any.whl", hash = "sha256:2e0c7ce7cb5d8f8634ca55d2ba7e6ec2689a2fd6537d8dec1296a477a4910057", size = 157650 },
]

[[package]]
name = "cffi"
version = "1.17.1"
source = { registry = "https://pypi.org/simple" }
dependencies = [
    { name = "pycparser" },
]
sdist = { url = "https://files.pythonhosted.org/packages/fc/97/c783634659c2920c3fc70419e3af40972dbaf758daa229a7d6ea6135c90d/cffi-1.17.1.tar.gz", hash = "sha256:1c39c6016c32bc48dd54561950ebd6836e1670f2ae46128f67cf49e789c52824", size = 516621 }
wheels = [
    { url = "https://files.pythonhosted.org/packages/5a/84/e94227139ee5fb4d600a7a4927f322e1d4aea6fdc50bd3fca8493caba23f/cffi-1.17.1-cp312-cp312-macosx_10_9_x86_64.whl", hash = "sha256:805b4371bf7197c329fcb3ead37e710d1bca9da5d583f5073b799d5c5bd1eee4", size = 183178 },
    { url = "https://files.pythonhosted.org/packages/da/ee/fb72c2b48656111c4ef27f0f91da355e130a923473bf5ee75c5643d00cca/cffi-1.17.1-cp312-cp312-macosx_11_0_arm64.whl", hash = "sha256:733e99bc2df47476e3848417c5a4540522f234dfd4ef3ab7fafdf555b082ec0c", size = 178840 },
    { url = "https://files.pythonhosted.org/packages/cc/b6/db007700f67d151abadf508cbfd6a1884f57eab90b1bb985c4c8c02b0f28/cffi-1.17.1-cp312-cp312-manylinux_2_12_i686.manylinux2010_i686.manylinux_2_17_i686.manylinux2014_i686.whl", hash = "sha256:1257bdabf294dceb59f5e70c64a3e2f462c30c7ad68092d01bbbfb1c16b1ba36", size = 454803 },
    { url = "https://files.pythonhosted.org/packages/1a/df/f8d151540d8c200eb1c6fba8cd0dfd40904f1b0682ea705c36e6c2e97ab3/cffi-1.17.1-cp312-cp312-manylinux_2_17_aarch64.manylinux2014_aarch64.whl", hash = "sha256:da95af8214998d77a98cc14e3a3bd00aa191526343078b530ceb0bd710fb48a5", size = 478850 },
    { url = "https://files.pythonhosted.org/packages/28/c0/b31116332a547fd2677ae5b78a2ef662dfc8023d67f41b2a83f7c2aa78b1/cffi-1.17.1-cp312-cp312-manylinux_2_17_ppc64le.manylinux2014_ppc64le.whl", hash = "sha256:d63afe322132c194cf832bfec0dc69a99fb9bb6bbd550f161a49e9e855cc78ff", size = 485729 },
    { url = "https://files.pythonhosted.org/packages/91/2b/9a1ddfa5c7f13cab007a2c9cc295b70fbbda7cb10a286aa6810338e60ea1/cffi-1.17.1-cp312-cp312-manylinux_2_17_s390x.manylinux2014_s390x.whl", hash = "sha256:f79fc4fc25f1c8698ff97788206bb3c2598949bfe0fef03d299eb1b5356ada99", size = 471256 },
    { url = "https://files.pythonhosted.org/packages/b2/d5/da47df7004cb17e4955df6a43d14b3b4ae77737dff8bf7f8f333196717bf/cffi-1.17.1-cp312-cp312-manylinux_2_17_x86_64.manylinux2014_x86_64.whl", hash = "sha256:b62ce867176a75d03a665bad002af8e6d54644fad99a3c70905c543130e39d93", size = 479424 },
    { url = "https://files.pythonhosted.org/packages/0b/ac/2a28bcf513e93a219c8a4e8e125534f4f6db03e3179ba1c45e949b76212c/cffi-1.17.1-cp312-cp312-musllinux_1_1_aarch64.whl", hash = "sha256:386c8bf53c502fff58903061338ce4f4950cbdcb23e2902d86c0f722b786bbe3", size = 484568 },
    { url = "https://files.pythonhosted.org/packages/d4/38/ca8a4f639065f14ae0f1d9751e70447a261f1a30fa7547a828ae08142465/cffi-1.17.1-cp312-cp312-musllinux_1_1_x86_64.whl", hash = "sha256:4ceb10419a9adf4460ea14cfd6bc43d08701f0835e979bf821052f1805850fe8", size = 488736 },
    { url = "https://files.pythonhosted.org/packages/86/c5/28b2d6f799ec0bdecf44dced2ec5ed43e0eb63097b0f58c293583b406582/cffi-1.17.1-cp312-cp312-win32.whl", hash = "sha256:a08d7e755f8ed21095a310a693525137cfe756ce62d066e53f502a83dc550f65", size = 172448 },
    { url = "https://files.pythonhosted.org/packages/50/b9/db34c4755a7bd1cb2d1603ac3863f22bcecbd1ba29e5ee841a4bc510b294/cffi-1.17.1-cp312-cp312-win_amd64.whl", hash = "sha256:51392eae71afec0d0c8fb1a53b204dbb3bcabcb3c9b807eedf3e1e6ccf2de903", size = 181976 },
    { url = "https://files.pythonhosted.org/packages/8d/f8/dd6c246b148639254dad4d6803eb6a54e8c85c6e11ec9df2cffa87571dbe/cffi-1.17.1-cp313-cp313-macosx_10_13_x86_64.whl", hash = "sha256:f3a2b4222ce6b60e2e8b337bb9596923045681d71e5a082783484d845390938e", size = 182989 },
    { url = "https://files.pythonhosted.org/packages/8b/f1/672d303ddf17c24fc83afd712316fda78dc6fce1cd53011b839483e1ecc8/cffi-1.17.1-cp313-cp313-macosx_11_0_arm64.whl", hash = "sha256:0984a4925a435b1da406122d4d7968dd861c1385afe3b45ba82b750f229811e2", size = 178802 },
    { url = "https://files.pythonhosted.org/packages/0e/2d/eab2e858a91fdff70533cab61dcff4a1f55ec60425832ddfdc9cd36bc8af/cffi-1.17.1-cp313-cp313-manylinux_2_12_i686.manylinux2010_i686.manylinux_2_17_i686.manylinux2014_i686.whl", hash = "sha256:d01b12eeeb4427d3110de311e1774046ad344f5b1a7403101878976ecd7a10f3", size = 454792 },
    { url = "https://files.pythonhosted.org/packages/75/b2/fbaec7c4455c604e29388d55599b99ebcc250a60050610fadde58932b7ee/cffi-1.17.1-cp313-cp313-manylinux_2_17_aarch64.manylinux2014_aarch64.whl", hash = "sha256:706510fe141c86a69c8ddc029c7910003a17353970cff3b904ff0686a5927683", size = 478893 },
    { url = "https://files.pythonhosted.org/packages/4f/b7/6e4a2162178bf1935c336d4da8a9352cccab4d3a5d7914065490f08c0690/cffi-1.17.1-cp313-cp313-manylinux_2_17_ppc64le.manylinux2014_ppc64le.whl", hash = "sha256:de55b766c7aa2e2a3092c51e0483d700341182f08e67c63630d5b6f200bb28e5", size = 485810 },
    { url = "https://files.pythonhosted.org/packages/c7/8a/1d0e4a9c26e54746dc08c2c6c037889124d4f59dffd853a659fa545f1b40/cffi-1.17.1-cp313-cp313-manylinux_2_17_s390x.manylinux2014_s390x.whl", hash = "sha256:c59d6e989d07460165cc5ad3c61f9fd8f1b4796eacbd81cee78957842b834af4", size = 471200 },
    { url = "https://files.pythonhosted.org/packages/26/9f/1aab65a6c0db35f43c4d1b4f580e8df53914310afc10ae0397d29d697af4/cffi-1.17.1-cp313-cp313-manylinux_2_17_x86_64.manylinux2014_x86_64.whl", hash = "sha256:dd398dbc6773384a17fe0d3e7eeb8d1a21c2200473ee6806bb5e6a8e62bb73dd", size = 479447 },
    { url = "https://files.pythonhosted.org/packages/5f/e4/fb8b3dd8dc0e98edf1135ff067ae070bb32ef9d509d6cb0f538cd6f7483f/cffi-1.17.1-cp313-cp313-musllinux_1_1_aarch64.whl", hash = "sha256:3edc8d958eb099c634dace3c7e16560ae474aa3803a5df240542b305d14e14ed", size = 484358 },
    { url = "https://files.pythonhosted.org/packages/f1/47/d7145bf2dc04684935d57d67dff9d6d795b2ba2796806bb109864be3a151/cffi-1.17.1-cp313-cp313-musllinux_1_1_x86_64.whl", hash = "sha256:72e72408cad3d5419375fc87d289076ee319835bdfa2caad331e377589aebba9", size = 488469 },
    { url = "https://files.pythonhosted.org/packages/bf/ee/f94057fa6426481d663b88637a9a10e859e492c73d0384514a17d78ee205/cffi-1.17.1-cp313-cp313-win32.whl", hash = "sha256:e03eab0a8677fa80d646b5ddece1cbeaf556c313dcfac435ba11f107ba117b5d", size = 172475 },
    { url = "https://files.pythonhosted.org/packages/7c/fc/6a8cb64e5f0324877d503c854da15d76c1e50eb722e320b15345c4d0c6de/cffi-1.17.1-cp313-cp313-win_amd64.whl", hash = "sha256:f6a16c31041f09ead72d69f583767292f750d24913dadacf5756b966aacb3f1a", size = 182009 },
]

[[package]]
name = "cozepy"
version = "0.16.2"
source = { registry = "https://pypi.org/simple" }
dependencies = [
    { name = "authlib" },
    { name = "distro" },
    { name = "httpx", marker = "python_full_version < '4.0'" },
    { name = "pydantic" },
    { name = "typing-extensions" },
    { name = "websockets" },
]
sdist = { url = "https://files.pythonhosted.org/packages/6c/b0/ad76ef0a6a31251b9ced99b5615c9e95bd079214ea83463b81f5eda93609/cozepy-0.16.2.tar.gz", hash = "sha256:6cb86ab86a7750e078919a2c17f51ec52990ad53775411afe249a3becc5cd8c0", size = 63472 }
wheels = [
    { url = "https://files.pythonhosted.org/packages/7b/b9/179e64d059ebb8d5d10368a1d0560363ab0fdb350231447c3a78d533d32d/cozepy-0.16.2-py3-none-any.whl", hash = "sha256:c1fd512cc305fe9e2deefc587954755342272024981e64c61809b97e5e1a61f8", size = 81118 },
]

[[package]]
name = "cryptography"
version = "45.0.4"
source = { registry = "https://pypi.org/simple" }
dependencies = [
    { name = "cffi", marker = "platform_python_implementation != 'PyPy'" },
]
sdist = { url = "https://files.pythonhosted.org/packages/fe/c8/a2a376a8711c1e11708b9c9972e0c3223f5fc682552c82d8db844393d6ce/cryptography-45.0.4.tar.gz", hash = "sha256:7405ade85c83c37682c8fe65554759800a4a8c54b2d96e0f8ad114d31b808d57", size = 744890 }
wheels = [
    { url = "https://files.pythonhosted.org/packages/cc/1c/92637793de053832523b410dbe016d3f5c11b41d0cf6eef8787aabb51d41/cryptography-45.0.4-cp311-abi3-macosx_10_9_universal2.whl", hash = "sha256:425a9a6ac2823ee6e46a76a21a4e8342d8fa5c01e08b823c1f19a8b74f096069", size = 7055712 },
    { url = "https://files.pythonhosted.org/packages/ba/14/93b69f2af9ba832ad6618a03f8a034a5851dc9a3314336a3d71c252467e1/cryptography-45.0.4-cp311-abi3-manylinux2014_aarch64.manylinux_2_17_aarch64.whl", hash = "sha256:680806cf63baa0039b920f4976f5f31b10e772de42f16310a6839d9f21a26b0d", size = 4205335 },
    { url = "https://files.pythonhosted.org/packages/67/30/fae1000228634bf0b647fca80403db5ca9e3933b91dd060570689f0bd0f7/cryptography-45.0.4-cp311-abi3-manylinux2014_x86_64.manylinux_2_17_x86_64.whl", hash = "sha256:4ca0f52170e821bc8da6fc0cc565b7bb8ff8d90d36b5e9fdd68e8a86bdf72036", size = 4431487 },
    { url = "https://files.pythonhosted.org/packages/6d/5a/7dffcf8cdf0cb3c2430de7404b327e3db64735747d641fc492539978caeb/cryptography-45.0.4-cp311-abi3-manylinux_2_28_aarch64.whl", hash = "sha256:f3fe7a5ae34d5a414957cc7f457e2b92076e72938423ac64d215722f6cf49a9e", size = 4208922 },
    { url = "https://files.pythonhosted.org/packages/c6/f3/528729726eb6c3060fa3637253430547fbaaea95ab0535ea41baa4a6fbd8/cryptography-45.0.4-cp311-abi3-manylinux_2_28_armv7l.manylinux_2_31_armv7l.whl", hash = "sha256:25eb4d4d3e54595dc8adebc6bbd5623588991d86591a78c2548ffb64797341e2", size = 3900433 },
    { url = "https://files.pythonhosted.org/packages/d9/4a/67ba2e40f619e04d83c32f7e1d484c1538c0800a17c56a22ff07d092ccc1/cryptography-45.0.4-cp311-abi3-manylinux_2_28_x86_64.whl", hash = "sha256:ce1678a2ccbe696cf3af15a75bb72ee008d7ff183c9228592ede9db467e64f1b", size = 4464163 },
    { url = "https://files.pythonhosted.org/packages/7e/9a/b4d5aa83661483ac372464809c4b49b5022dbfe36b12fe9e323ca8512420/cryptography-45.0.4-cp311-abi3-manylinux_2_34_aarch64.whl", hash = "sha256:49fe9155ab32721b9122975e168a6760d8ce4cffe423bcd7ca269ba41b5dfac1", size = 4208687 },
    { url = "https://files.pythonhosted.org/packages/db/b7/a84bdcd19d9c02ec5807f2ec2d1456fd8451592c5ee353816c09250e3561/cryptography-45.0.4-cp311-abi3-manylinux_2_34_x86_64.whl", hash = "sha256:2882338b2a6e0bd337052e8b9007ced85c637da19ef9ecaf437744495c8c2999", size = 4463623 },
    { url = "https://files.pythonhosted.org/packages/d8/84/69707d502d4d905021cac3fb59a316344e9f078b1da7fb43ecde5e10840a/cryptography-45.0.4-cp311-abi3-musllinux_1_2_aarch64.whl", hash = "sha256:23b9c3ea30c3ed4db59e7b9619272e94891f8a3a5591d0b656a7582631ccf750", size = 4332447 },
    { url = "https://files.pythonhosted.org/packages/f3/ee/d4f2ab688e057e90ded24384e34838086a9b09963389a5ba6854b5876598/cryptography-45.0.4-cp311-abi3-musllinux_1_2_x86_64.whl", hash = "sha256:b0a97c927497e3bc36b33987abb99bf17a9a175a19af38a892dc4bbb844d7ee2", size = 4572830 },
    { url = "https://files.pythonhosted.org/packages/70/d4/994773a261d7ff98034f72c0e8251fe2755eac45e2265db4c866c1c6829c/cryptography-45.0.4-cp311-abi3-win32.whl", hash = "sha256:e00a6c10a5c53979d6242f123c0a97cff9f3abed7f064fc412c36dc521b5f257", size = 2932769 },
    { url = "https://files.pythonhosted.org/packages/5a/42/c80bd0b67e9b769b364963b5252b17778a397cefdd36fa9aa4a5f34c599a/cryptography-45.0.4-cp311-abi3-win_amd64.whl", hash = "sha256:817ee05c6c9f7a69a16200f0c90ab26d23a87701e2a284bd15156783e46dbcc8", size = 3410441 },
    { url = "https://files.pythonhosted.org/packages/ce/0b/2488c89f3a30bc821c9d96eeacfcab6ff3accc08a9601ba03339c0fd05e5/cryptography-45.0.4-cp37-abi3-macosx_10_9_universal2.whl", hash = "sha256:964bcc28d867e0f5491a564b7debb3ffdd8717928d315d12e0d7defa9e43b723", size = 7031836 },
    { url = "https://files.pythonhosted.org/packages/fe/51/8c584ed426093aac257462ae62d26ad61ef1cbf5b58d8b67e6e13c39960e/cryptography-45.0.4-cp37-abi3-manylinux2014_aarch64.manylinux_2_17_aarch64.whl", hash = "sha256:6a5bf57554e80f75a7db3d4b1dacaa2764611ae166ab42ea9a72bcdb5d577637", size = 4195746 },
    { url = "https://files.pythonhosted.org/packages/5c/7d/4b0ca4d7af95a704eef2f8f80a8199ed236aaf185d55385ae1d1610c03c2/cryptography-45.0.4-cp37-abi3-manylinux2014_x86_64.manylinux_2_17_x86_64.whl", hash = "sha256:46cf7088bf91bdc9b26f9c55636492c1cce3e7aaf8041bbf0243f5e5325cfb2d", size = 4424456 },
    { url = "https://files.pythonhosted.org/packages/1d/45/5fabacbc6e76ff056f84d9f60eeac18819badf0cefc1b6612ee03d4ab678/cryptography-45.0.4-cp37-abi3-manylinux_2_28_aarch64.whl", hash = "sha256:7bedbe4cc930fa4b100fc845ea1ea5788fcd7ae9562e669989c11618ae8d76ee", size = 4198495 },
    { url = "https://files.pythonhosted.org/packages/55/b7/ffc9945b290eb0a5d4dab9b7636706e3b5b92f14ee5d9d4449409d010d54/cryptography-45.0.4-cp37-abi3-manylinux_2_28_armv7l.manylinux_2_31_armv7l.whl", hash = "sha256:eaa3e28ea2235b33220b949c5a0d6cf79baa80eab2eb5607ca8ab7525331b9ff", size = 3885540 },
    { url = "https://files.pythonhosted.org/packages/7f/e3/57b010282346980475e77d414080acdcb3dab9a0be63071efc2041a2c6bd/cryptography-45.0.4-cp37-abi3-manylinux_2_28_x86_64.whl", hash = "sha256:7ef2dde4fa9408475038fc9aadfc1fb2676b174e68356359632e980c661ec8f6", size = 4452052 },
    { url = "https://files.pythonhosted.org/packages/37/e6/ddc4ac2558bf2ef517a358df26f45bc774a99bf4653e7ee34b5e749c03e3/cryptography-45.0.4-cp37-abi3-manylinux_2_34_aarch64.whl", hash = "sha256:6a3511ae33f09094185d111160fd192c67aa0a2a8d19b54d36e4c78f651dc5ad", size = 4198024 },
    { url = "https://files.pythonhosted.org/packages/3a/c0/85fa358ddb063ec588aed4a6ea1df57dc3e3bc1712d87c8fa162d02a65fc/cryptography-45.0.4-cp37-abi3-manylinux_2_34_x86_64.whl", hash = "sha256:06509dc70dd71fa56eaa138336244e2fbaf2ac164fc9b5e66828fccfd2b680d6", size = 4451442 },
    { url = "https://files.pythonhosted.org/packages/33/67/362d6ec1492596e73da24e669a7fbbaeb1c428d6bf49a29f7a12acffd5dc/cryptography-45.0.4-cp37-abi3-musllinux_1_2_aarch64.whl", hash = "sha256:5f31e6b0a5a253f6aa49be67279be4a7e5a4ef259a9f33c69f7d1b1191939872", size = 4325038 },
    { url = "https://files.pythonhosted.org/packages/53/75/82a14bf047a96a1b13ebb47fb9811c4f73096cfa2e2b17c86879687f9027/cryptography-45.0.4-cp37-abi3-musllinux_1_2_x86_64.whl", hash = "sha256:944e9ccf67a9594137f942d5b52c8d238b1b4e46c7a0c2891b7ae6e01e7c80a4", size = 4560964 },
    { url = "https://files.pythonhosted.org/packages/cd/37/1a3cba4c5a468ebf9b95523a5ef5651244693dc712001e276682c278fc00/cryptography-45.0.4-cp37-abi3-win32.whl", hash = "sha256:c22fe01e53dc65edd1945a2e6f0015e887f84ced233acecb64b4daadb32f5c97", size = 2924557 },
    { url = "https://files.pythonhosted.org/packages/2a/4b/3256759723b7e66380397d958ca07c59cfc3fb5c794fb5516758afd05d41/cryptography-45.0.4-cp37-abi3-win_amd64.whl", hash = "sha256:627ba1bc94f6adf0b0a2e35d87020285ead22d9f648c7e75bb64f367375f3b22", size = 3395508 },
]

[[package]]
name = "distro"
version = "1.9.0"
source = { registry = "https://pypi.org/simple" }
sdist = { url = "https://files.pythonhosted.org/packages/fc/f8/98eea607f65de6527f8a2e8885fc8015d3e6f5775df186e443e0964a11c3/distro-1.9.0.tar.gz", hash = "sha256:2fa77c6fd8940f116ee1d6b94a2f90b13b5ea8d019b98bc8bafdcabcdd9bdbed", size = 60722 }
wheels = [
    { url = "https://files.pythonhosted.org/packages/12/b3/231ffd4ab1fc9d679809f356cebee130ac7daa00d6d6f3206dd4fd137e9e/distro-1.9.0-py3-none-any.whl", hash = "sha256:7bffd925d65168f85027d8da9af6bddab658135b840670a223589bc0c8ef02b2", size = 20277 },
]

[[package]]
name = "h11"
version = "0.16.0"
source = { registry = "https://pypi.org/simple" }
sdist = { url = "https://files.pythonhosted.org/packages/01/ee/02a2c011bdab74c6fb3c75474d40b3052059d95df7e73351460c8588d963/h11-0.16.0.tar.gz", hash = "sha256:4e35b956cf45792e4caa5885e69fba00bdbc6ffafbfa020300e549b208ee5ff1", size = 101250 }
wheels = [
    { url = "https://files.pythonhosted.org/packages/04/4b/29cac41a4d98d144bf5f6d33995617b185d14b22401f75ca86f384e87ff1/h11-0.16.0-py3-none-any.whl", hash = "sha256:63cf8bbe7522de3bf65932fda1d9c2772064ffb3dae62d55932da54b31cb6c86", size = 37515 },
]

[[package]]
name = "httpcore"
version = "1.0.9"
source = { registry = "https://pypi.org/simple" }
dependencies = [
    { name = "certifi" },
    { name = "h11" },
]
sdist = { url = "https://files.pythonhosted.org/packages/06/94/82699a10bca87a5556c9c59b5963f2d039dbd239f25bc2a63907a05a14cb/httpcore-1.0.9.tar.gz", hash = "sha256:6e34463af53fd2ab5d807f399a9b45ea31c3dfa2276f15a2c3f00afff6e176e8", size = 85484 }
wheels = [
    { url = "https://files.pythonhosted.org/packages/7e/f5/f66802a942d491edb555dd61e3a9961140fd64c90bce1eafd741609d334d/httpcore-1.0.9-py3-none-any.whl", hash = "sha256:2d400746a40668fc9dec9810239072b40b4484b640a8c38fd654a024c7a1bf55", size = 78784 },
]

[[package]]
name = "httpx"
version = "0.27.2"
source = { registry = "https://pypi.org/simple" }
dependencies = [
    { name = "anyio" },
    { name = "certifi" },
    { name = "httpcore" },
    { name = "idna" },
    { name = "sniffio" },
]
sdist = { url = "https://files.pythonhosted.org/packages/78/82/08f8c936781f67d9e6b9eeb8a0c8b4e406136ea4c3d1f89a5db71d42e0e6/httpx-0.27.2.tar.gz", hash = "sha256:f7c2be1d2f3c3c3160d441802406b206c2b76f5947b11115e6df10c6c65e66c2", size = 144189 }
wheels = [
    { url = "https://files.pythonhosted.org/packages/56/95/9377bcb415797e44274b51d46e3249eba641711cf3348050f76ee7b15ffc/httpx-0.27.2-py3-none-any.whl", hash = "sha256:7bb2708e112d8fdd7829cd4243970f0c223274051cb35ee80c03301ee29a3df0", size = 76395 },
]

[[package]]
name = "idna"
version = "3.10"
source = { registry = "https://pypi.org/simple" }
sdist = { url = "https://files.pythonhosted.org/packages/f1/70/7703c29685631f5a7590aa73f1f1d3fa9a380e654b86af429e0934a32f7d/idna-3.10.tar.gz", hash = "sha256:12f65c9b470abda6dc35cf8e63cc574b1c52b11df2c86030af0ac09b01b13ea9", size = 190490 }
wheels = [
    { url = "https://files.pythonhosted.org/packages/76/c6/c88e154df9c4e1a2a66ccf0005a88dfb2650c1dffb6f5ce603dfbd452ce3/idna-3.10-py3-none-any.whl", hash = "sha256:946d195a0d259cbba61165e88e65941f16e9b36ea6ddb97f00452bae8b1287d3", size = 70442 },
]

[[package]]
name = "pycparser"
version = "2.22"
source = { registry = "https://pypi.org/simple" }
sdist = { url = "https://files.pythonhosted.org/packages/1d/b2/31537cf4b1ca988837256c910a668b553fceb8f069bedc4b1c826024b52c/pycparser-2.22.tar.gz", hash = "sha256:491c8be9c040f5390f5bf44a5b07752bd07f56edf992381b05c701439eec10f6", size = 172736 }
wheels = [
    { url = "https://files.pythonhosted.org/packages/13/a3/a812df4e2dd5696d1f351d58b8fe16a405b234ad2886a0dab9183fb78109/pycparser-2.22-py3-none-any.whl", hash = "sha256:c3702b6d3dd8c7abc1afa565d7e63d53a1d0bd86cdc24edd75470f4de499cfcc", size = 117552 },
]

[[package]]
name = "pydantic"
version = "2.11.7"
source = { registry = "https://pypi.org/simple" }
dependencies = [
    { name = "annotated-types" },
    { name = "pydantic-core" },
    { name = "typing-extensions" },
    { name = "typing-inspection" },
]
sdist = { url = "https://files.pythonhosted.org/packages/00/dd/4325abf92c39ba8623b5af936ddb36ffcfe0beae70405d456ab1fb2f5b8c/pydantic-2.11.7.tar.gz", hash = "sha256:d989c3c6cb79469287b1569f7447a17848c998458d49ebe294e975b9baf0f0db", size = 788350 }
wheels = [
    { url = "https://files.pythonhosted.org/packages/6a/c0/ec2b1c8712ca690e5d61979dee872603e92b8a32f94cc1b72d53beab008a/pydantic-2.11.7-py3-none-any.whl", hash = "sha256:dde5df002701f6de26248661f6835bbe296a47bf73990135c7d07ce741b9623b", size = 444782 },
]

[[package]]
name = "pydantic-core"
version = "2.33.2"
source = { registry = "https://pypi.org/simple" }
dependencies = [
    { name = "typing-extensions" },
]
sdist = { url = "https://files.pythonhosted.org/packages/ad/88/5f2260bdfae97aabf98f1778d43f69574390ad787afb646292a638c923d4/pydantic_core-2.33.2.tar.gz", hash = "sha256:7cb8bc3605c29176e1b105350d2e6474142d7c1bd1d9327c4a9bdb46bf827acc", size = 435195 }
wheels = [
    { url = "https://files.pythonhosted.org/packages/18/8a/2b41c97f554ec8c71f2a8a5f85cb56a8b0956addfe8b0efb5b3d77e8bdc3/pydantic_core-2.33.2-cp312-cp312-macosx_10_12_x86_64.whl", hash = "sha256:a7ec89dc587667f22b6a0b6579c249fca9026ce7c333fc142ba42411fa243cdc", size = 2009000 },
    { url = "https://files.pythonhosted.org/packages/a1/02/6224312aacb3c8ecbaa959897af57181fb6cf3a3d7917fd44d0f2917e6f2/pydantic_core-2.33.2-cp312-cp312-macosx_11_0_arm64.whl", hash = "sha256:3c6db6e52c6d70aa0d00d45cdb9b40f0433b96380071ea80b09277dba021ddf7", size = 1847996 },
    { url = "https://files.pythonhosted.org/packages/d6/46/6dcdf084a523dbe0a0be59d054734b86a981726f221f4562aed313dbcb49/pydantic_core-2.33.2-cp312-cp312-manylinux_2_17_aarch64.manylinux2014_aarch64.whl", hash = "sha256:4e61206137cbc65e6d5256e1166f88331d3b6238e082d9f74613b9b765fb9025", size = 1880957 },
    { url = "https://files.pythonhosted.org/packages/ec/6b/1ec2c03837ac00886ba8160ce041ce4e325b41d06a034adbef11339ae422/pydantic_core-2.33.2-cp312-cp312-manylinux_2_17_armv7l.manylinux2014_armv7l.whl", hash = "sha256:eb8c529b2819c37140eb51b914153063d27ed88e3bdc31b71198a198e921e011", size = 1964199 },
    { url = "https://files.pythonhosted.org/packages/2d/1d/6bf34d6adb9debd9136bd197ca72642203ce9aaaa85cfcbfcf20f9696e83/pydantic_core-2.33.2-cp312-cp312-manylinux_2_17_ppc64le.manylinux2014_ppc64le.whl", hash = "sha256:c52b02ad8b4e2cf14ca7b3d918f3eb0ee91e63b3167c32591e57c4317e134f8f", size = 2120296 },
    { url = "https://files.pythonhosted.org/packages/e0/94/2bd0aaf5a591e974b32a9f7123f16637776c304471a0ab33cf263cf5591a/pydantic_core-2.33.2-cp312-cp312-manylinux_2_17_s390x.manylinux2014_s390x.whl", hash = "sha256:96081f1605125ba0855dfda83f6f3df5ec90c61195421ba72223de35ccfb2f88", size = 2676109 },
    { url = "https://files.pythonhosted.org/packages/f9/41/4b043778cf9c4285d59742281a769eac371b9e47e35f98ad321349cc5d61/pydantic_core-2.33.2-cp312-cp312-manylinux_2_17_x86_64.manylinux2014_x86_64.whl", hash = "sha256:8f57a69461af2a5fa6e6bbd7a5f60d3b7e6cebb687f55106933188e79ad155c1", size = 2002028 },
    { url = "https://files.pythonhosted.org/packages/cb/d5/7bb781bf2748ce3d03af04d5c969fa1308880e1dca35a9bd94e1a96a922e/pydantic_core-2.33.2-cp312-cp312-manylinux_2_5_i686.manylinux1_i686.whl", hash = "sha256:572c7e6c8bb4774d2ac88929e3d1f12bc45714ae5ee6d9a788a9fb35e60bb04b", size = 2100044 },
    { url = "https://files.pythonhosted.org/packages/fe/36/def5e53e1eb0ad896785702a5bbfd25eed546cdcf4087ad285021a90ed53/pydantic_core-2.33.2-cp312-cp312-musllinux_1_1_aarch64.whl", hash = "sha256:db4b41f9bd95fbe5acd76d89920336ba96f03e149097365afe1cb092fceb89a1", size = 2058881 },
    { url = "https://files.pythonhosted.org/packages/01/6c/57f8d70b2ee57fc3dc8b9610315949837fa8c11d86927b9bb044f8705419/pydantic_core-2.33.2-cp312-cp312-musllinux_1_1_armv7l.whl", hash = "sha256:fa854f5cf7e33842a892e5c73f45327760bc7bc516339fda888c75ae60edaeb6", size = 2227034 },
    { url = "https://files.pythonhosted.org/packages/27/b9/9c17f0396a82b3d5cbea4c24d742083422639e7bb1d5bf600e12cb176a13/pydantic_core-2.33.2-cp312-cp312-musllinux_1_1_x86_64.whl", hash = "sha256:5f483cfb75ff703095c59e365360cb73e00185e01aaea067cd19acffd2ab20ea", size = 2234187 },
    { url = "https://files.pythonhosted.org/packages/b0/6a/adf5734ffd52bf86d865093ad70b2ce543415e0e356f6cacabbc0d9ad910/pydantic_core-2.33.2-cp312-cp312-win32.whl", hash = "sha256:9cb1da0f5a471435a7bc7e439b8a728e8b61e59784b2af70d7c169f8dd8ae290", size = 1892628 },
    { url = "https://files.pythonhosted.org/packages/43/e4/5479fecb3606c1368d496a825d8411e126133c41224c1e7238be58b87d7e/pydantic_core-2.33.2-cp312-cp312-win_amd64.whl", hash = "sha256:f941635f2a3d96b2973e867144fde513665c87f13fe0e193c158ac51bfaaa7b2", size = 1955866 },
    { url = "https://files.pythonhosted.org/packages/0d/24/8b11e8b3e2be9dd82df4b11408a67c61bb4dc4f8e11b5b0fc888b38118b5/pydantic_core-2.33.2-cp312-cp312-win_arm64.whl", hash = "sha256:cca3868ddfaccfbc4bfb1d608e2ccaaebe0ae628e1416aeb9c4d88c001bb45ab", size = 1888894 },
    { url = "https://files.pythonhosted.org/packages/46/8c/99040727b41f56616573a28771b1bfa08a3d3fe74d3d513f01251f79f172/pydantic_core-2.33.2-cp313-cp313-macosx_10_12_x86_64.whl", hash = "sha256:1082dd3e2d7109ad8b7da48e1d4710c8d06c253cbc4a27c1cff4fbcaa97a9e3f", size = 2015688 },
    { url = "https://files.pythonhosted.org/packages/3a/cc/5999d1eb705a6cefc31f0b4a90e9f7fc400539b1a1030529700cc1b51838/pydantic_core-2.33.2-cp313-cp313-macosx_11_0_arm64.whl", hash = "sha256:f517ca031dfc037a9c07e748cefd8d96235088b83b4f4ba8939105d20fa1dcd6", size = 1844808 },
    { url = "https://files.pythonhosted.org/packages/6f/5e/a0a7b8885c98889a18b6e376f344da1ef323d270b44edf8174d6bce4d622/pydantic_core-2.33.2-cp313-cp313-manylinux_2_17_aarch64.manylinux2014_aarch64.whl", hash = "sha256:0a9f2c9dd19656823cb8250b0724ee9c60a82f3cdf68a080979d13092a3b0fef", size = 1885580 },
    { url = "https://files.pythonhosted.org/packages/3b/2a/953581f343c7d11a304581156618c3f592435523dd9d79865903272c256a/pydantic_core-2.33.2-cp313-cp313-manylinux_2_17_armv7l.manylinux2014_armv7l.whl", hash = "sha256:2b0a451c263b01acebe51895bfb0e1cc842a5c666efe06cdf13846c7418caa9a", size = 1973859 },
    { url = "https://files.pythonhosted.org/packages/e6/55/f1a813904771c03a3f97f676c62cca0c0a4138654107c1b61f19c644868b/pydantic_core-2.33.2-cp313-cp313-manylinux_2_17_ppc64le.manylinux2014_ppc64le.whl", hash = "sha256:1ea40a64d23faa25e62a70ad163571c0b342b8bf66d5fa612ac0dec4f069d916", size = 2120810 },
    { url = "https://files.pythonhosted.org/packages/aa/c3/053389835a996e18853ba107a63caae0b9deb4a276c6b472931ea9ae6e48/pydantic_core-2.33.2-cp313-cp313-manylinux_2_17_s390x.manylinux2014_s390x.whl", hash = "sha256:0fb2d542b4d66f9470e8065c5469ec676978d625a8b7a363f07d9a501a9cb36a", size = 2676498 },
    { url = "https://files.pythonhosted.org/packages/eb/3c/f4abd740877a35abade05e437245b192f9d0ffb48bbbbd708df33d3cda37/pydantic_core-2.33.2-cp313-cp313-manylinux_2_17_x86_64.manylinux2014_x86_64.whl", hash = "sha256:9fdac5d6ffa1b5a83bca06ffe7583f5576555e6c8b3a91fbd25ea7780f825f7d", size = 2000611 },
    { url = "https://files.pythonhosted.org/packages/59/a7/63ef2fed1837d1121a894d0ce88439fe3e3b3e48c7543b2a4479eb99c2bd/pydantic_core-2.33.2-cp313-cp313-manylinux_2_5_i686.manylinux1_i686.whl", hash = "sha256:04a1a413977ab517154eebb2d326da71638271477d6ad87a769102f7c2488c56", size = 2107924 },
    { url = "https://files.pythonhosted.org/packages/04/8f/2551964ef045669801675f1cfc3b0d74147f4901c3ffa42be2ddb1f0efc4/pydantic_core-2.33.2-cp313-cp313-musllinux_1_1_aarch64.whl", hash = "sha256:c8e7af2f4e0194c22b5b37205bfb293d166a7344a5b0d0eaccebc376546d77d5", size = 2063196 },
    { url = "https://files.pythonhosted.org/packages/26/bd/d9602777e77fc6dbb0c7db9ad356e9a985825547dce5ad1d30ee04903918/pydantic_core-2.33.2-cp313-cp313-musllinux_1_1_armv7l.whl", hash = "sha256:5c92edd15cd58b3c2d34873597a1e20f13094f59cf88068adb18947df5455b4e", size = 2236389 },
    { url = "https://files.pythonhosted.org/packages/42/db/0e950daa7e2230423ab342ae918a794964b053bec24ba8af013fc7c94846/pydantic_core-2.33.2-cp313-cp313-musllinux_1_1_x86_64.whl", hash = "sha256:65132b7b4a1c0beded5e057324b7e16e10910c106d43675d9bd87d4f38dde162", size = 2239223 },
    { url = "https://files.pythonhosted.org/packages/58/4d/4f937099c545a8a17eb52cb67fe0447fd9a373b348ccfa9a87f141eeb00f/pydantic_core-2.33.2-cp313-cp313-win32.whl", hash = "sha256:52fb90784e0a242bb96ec53f42196a17278855b0f31ac7c3cc6f5c1ec4811849", size = 1900473 },
    { url = "https://files.pythonhosted.org/packages/a0/75/4a0a9bac998d78d889def5e4ef2b065acba8cae8c93696906c3a91f310ca/pydantic_core-2.33.2-cp313-cp313-win_amd64.whl", hash = "sha256:c083a3bdd5a93dfe480f1125926afcdbf2917ae714bdb80b36d34318b2bec5d9", size = 1955269 },
    { url = "https://files.pythonhosted.org/packages/f9/86/1beda0576969592f1497b4ce8e7bc8cbdf614c352426271b1b10d5f0aa64/pydantic_core-2.33.2-cp313-cp313-win_arm64.whl", hash = "sha256:e80b087132752f6b3d714f041ccf74403799d3b23a72722ea2e6ba2e892555b9", size = 1893921 },
    { url = "https://files.pythonhosted.org/packages/a4/7d/e09391c2eebeab681df2b74bfe6c43422fffede8dc74187b2b0bf6fd7571/pydantic_core-2.33.2-cp313-cp313t-macosx_11_0_arm64.whl", hash = "sha256:61c18fba8e5e9db3ab908620af374db0ac1baa69f0f32df4f61ae23f15e586ac", size = 1806162 },
    { url = "https://files.pythonhosted.org/packages/f1/3d/847b6b1fed9f8ed3bb95a9ad04fbd0b212e832d4f0f50ff4d9ee5a9f15cf/pydantic_core-2.33.2-cp313-cp313t-manylinux_2_17_x86_64.manylinux2014_x86_64.whl", hash = "sha256:95237e53bb015f67b63c91af7518a62a8660376a6a0db19b89acc77a4d6199f5", size = 1981560 },
    { url = "https://files.pythonhosted.org/packages/6f/9a/e73262f6c6656262b5fdd723ad90f518f579b7bc8622e43a942eec53c938/pydantic_core-2.33.2-cp313-cp313t-win_amd64.whl", hash = "sha256:c2fc0a768ef76c15ab9238afa6da7f69895bb5d1ee83aeea2e3509af4472d0b9", size = 1935777 },
]

[[package]]
name = "sniffio"
version = "1.3.1"
source = { registry = "https://pypi.org/simple" }
sdist = { url = "https://files.pythonhosted.org/packages/a2/87/a6771e1546d97e7e041b6ae58d80074f81b7d5121207425c964ddf5cfdbd/sniffio-1.3.1.tar.gz", hash = "sha256:f4324edc670a0f49750a81b895f35c3adb843cca46f0530f79fc1babb23789dc", size = 20372 }
wheels = [
    { url = "https://files.pythonhosted.org/packages/e9/44/75a9c9421471a6c4805dbf2356f7c181a29c1879239abab1ea2cc8f38b40/sniffio-1.3.1-py3-none-any.whl", hash = "sha256:2f6da418d1f1e0fddd844478f41680e794e6051915791a034ff65e5f100525a2", size = 10235 },
]

[[package]]
name = "tmp"
version = "0.1.0"
source = { virtual = "." }
dependencies = [
    { name = "cozepy" },
]

[package.metadata]
requires-dist = [{ name = "cozepy", specifier = ">=0.16.2" }]

[[package]]
name = "typing-extensions"
version = "4.14.0"
source = { registry = "https://pypi.org/simple" }
sdist = { url = "https://files.pythonhosted.org/packages/d1/bc/51647cd02527e87d05cb083ccc402f93e441606ff1f01739a62c8ad09ba5/typing_extensions-4.14.0.tar.gz", hash = "sha256:8676b788e32f02ab42d9e7c61324048ae4c6d844a399eebace3d4979d75ceef4", size = 107423 }
wheels = [
    { url = "https://files.pythonhosted.org/packages/69/e0/552843e0d356fbb5256d21449fa957fa4eff3bbc135a74a691ee70c7c5da/typing_extensions-4.14.0-py3-none-any.whl", hash = "sha256:a1514509136dd0b477638fc68d6a91497af5076466ad0fa6c338e44e359944af", size = 43839 },
]

[[package]]
name = "typing-inspection"
version = "0.4.1"
source = { registry = "https://pypi.org/simple" }
dependencies = [
    { name = "typing-extensions" },
]
sdist = { url = "https://files.pythonhosted.org/packages/f8/b1/0c11f5058406b3af7609f121aaa6b609744687f1d158b3c3a5bf4cc94238/typing_inspection-0.4.1.tar.gz", hash = "sha256:6ae134cc0203c33377d43188d4064e9b357dba58cff3185f22924610e70a9d28", size = 75726 }
wheels = [
    { url = "https://files.pythonhosted.org/packages/17/69/cd203477f944c353c31bade965f880aa1061fd6bf05ded0726ca845b6ff7/typing_inspection-0.4.1-py3-none-any.whl", hash = "sha256:389055682238f53b04f7badcb49b989835495a96700ced5dab2d8feae4b26f51", size = 14552 },
]

[[package]]
name = "websockets"
version = "14.2"
source = { registry = "https://pypi.org/simple" }
sdist = { url = "https://files.pythonhosted.org/packages/94/54/8359678c726243d19fae38ca14a334e740782336c9f19700858c4eb64a1e/websockets-14.2.tar.gz", hash = "sha256:5059ed9c54945efb321f097084b4c7e52c246f2c869815876a69d1efc4ad6eb5", size = 164394 }
wheels = [
    { url = "https://files.pythonhosted.org/packages/c1/81/04f7a397653dc8bec94ddc071f34833e8b99b13ef1a3804c149d59f92c18/websockets-14.2-cp312-cp312-macosx_10_13_universal2.whl", hash = "sha256:1f20522e624d7ffbdbe259c6b6a65d73c895045f76a93719aa10cd93b3de100c", size = 163096 },
    { url = "https://files.pythonhosted.org/packages/ec/c5/de30e88557e4d70988ed4d2eabd73fd3e1e52456b9f3a4e9564d86353b6d/websockets-14.2-cp312-cp312-macosx_10_13_x86_64.whl", hash = "sha256:647b573f7d3ada919fd60e64d533409a79dcf1ea21daeb4542d1d996519ca967", size = 160758 },
    { url = "https://files.pythonhosted.org/packages/e5/8c/d130d668781f2c77d106c007b6c6c1d9db68239107c41ba109f09e6c218a/websockets-14.2-cp312-cp312-macosx_11_0_arm64.whl", hash = "sha256:6af99a38e49f66be5a64b1e890208ad026cda49355661549c507152113049990", size = 160995 },
    { url = "https://files.pythonhosted.org/packages/a6/bc/f6678a0ff17246df4f06765e22fc9d98d1b11a258cc50c5968b33d6742a1/websockets-14.2-cp312-cp312-manylinux_2_17_aarch64.manylinux2014_aarch64.whl", hash = "sha256:091ab63dfc8cea748cc22c1db2814eadb77ccbf82829bac6b2fbe3401d548eda", size = 170815 },
    { url = "https://files.pythonhosted.org/packages/d8/b2/8070cb970c2e4122a6ef38bc5b203415fd46460e025652e1ee3f2f43a9a3/websockets-14.2-cp312-cp312-manylinux_2_5_i686.manylinux1_i686.manylinux_2_17_i686.manylinux2014_i686.whl", hash = "sha256:b374e8953ad477d17e4851cdc66d83fdc2db88d9e73abf755c94510ebddceb95", size = 169759 },
    { url = "https://files.pythonhosted.org/packages/81/da/72f7caabd94652e6eb7e92ed2d3da818626e70b4f2b15a854ef60bf501ec/websockets-14.2-cp312-cp312-manylinux_2_5_x86_64.manylinux1_x86_64.manylinux_2_17_x86_64.manylinux2014_x86_64.whl", hash = "sha256:a39d7eceeea35db85b85e1169011bb4321c32e673920ae9c1b6e0978590012a3", size = 170178 },
    { url = "https://files.pythonhosted.org/packages/31/e0/812725b6deca8afd3a08a2e81b3c4c120c17f68c9b84522a520b816cda58/websockets-14.2-cp312-cp312-musllinux_1_2_aarch64.whl", hash = "sha256:0a6f3efd47ffd0d12080594f434faf1cd2549b31e54870b8470b28cc1d3817d9", size = 170453 },
    { url = "https://files.pythonhosted.org/packages/66/d3/8275dbc231e5ba9bb0c4f93144394b4194402a7a0c8ffaca5307a58ab5e3/websockets-14.2-cp312-cp312-musllinux_1_2_i686.whl", hash = "sha256:065ce275e7c4ffb42cb738dd6b20726ac26ac9ad0a2a48e33ca632351a737267", size = 169830 },
    { url = "https://files.pythonhosted.org/packages/a3/ae/e7d1a56755ae15ad5a94e80dd490ad09e345365199600b2629b18ee37bc7/websockets-14.2-cp312-cp312-musllinux_1_2_x86_64.whl", hash = "sha256:e9d0e53530ba7b8b5e389c02282f9d2aa47581514bd6049d3a7cffe1385cf5fe", size = 169824 },
    { url = "https://files.pythonhosted.org/packages/b6/32/88ccdd63cb261e77b882e706108d072e4f1c839ed723bf91a3e1f216bf60/websockets-14.2-cp312-cp312-win32.whl", hash = "sha256:20e6dd0984d7ca3037afcb4494e48c74ffb51e8013cac71cf607fffe11df7205", size = 163981 },
    { url = "https://files.pythonhosted.org/packages/b3/7d/32cdb77990b3bdc34a306e0a0f73a1275221e9a66d869f6ff833c95b56ef/websockets-14.2-cp312-cp312-win_amd64.whl", hash = "sha256:44bba1a956c2c9d268bdcdf234d5e5ff4c9b6dc3e300545cbe99af59dda9dcce", size = 164421 },
    { url = "https://files.pythonhosted.org/packages/82/94/4f9b55099a4603ac53c2912e1f043d6c49d23e94dd82a9ce1eb554a90215/websockets-14.2-cp313-cp313-macosx_10_13_universal2.whl", hash = "sha256:6f1372e511c7409a542291bce92d6c83320e02c9cf392223272287ce55bc224e", size = 163102 },
    { url = "https://files.pythonhosted.org/packages/8e/b7/7484905215627909d9a79ae07070057afe477433fdacb59bf608ce86365a/websockets-14.2-cp313-cp313-macosx_10_13_x86_64.whl", hash = "sha256:4da98b72009836179bb596a92297b1a61bb5a830c0e483a7d0766d45070a08ad", size = 160766 },
    { url = "https://files.pythonhosted.org/packages/a3/a4/edb62efc84adb61883c7d2c6ad65181cb087c64252138e12d655989eec05/websockets-14.2-cp313-cp313-macosx_11_0_arm64.whl", hash = "sha256:f8a86a269759026d2bde227652b87be79f8a734e582debf64c9d302faa1e9f03", size = 160998 },
    { url = "https://files.pythonhosted.org/packages/f5/79/036d320dc894b96af14eac2529967a6fc8b74f03b83c487e7a0e9043d842/websockets-14.2-cp313-cp313-manylinux_2_17_aarch64.manylinux2014_aarch64.whl", hash = "sha256:86cf1aaeca909bf6815ea714d5c5736c8d6dd3a13770e885aafe062ecbd04f1f", size = 170780 },
    { url = "https://files.pythonhosted.org/packages/63/75/5737d21ee4dd7e4b9d487ee044af24a935e36a9ff1e1419d684feedcba71/websockets-14.2-cp313-cp313-manylinux_2_5_i686.manylinux1_i686.manylinux_2_17_i686.manylinux2014_i686.whl", hash = "sha256:a9b0f6c3ba3b1240f602ebb3971d45b02cc12bd1845466dd783496b3b05783a5", size = 169717 },
    { url = "https://files.pythonhosted.org/packages/2c/3c/bf9b2c396ed86a0b4a92ff4cdaee09753d3ee389be738e92b9bbd0330b64/websockets-14.2-cp313-cp313-manylinux_2_5_x86_64.manylinux1_x86_64.manylinux_2_17_x86_64.manylinux2014_x86_64.whl", hash = "sha256:669c3e101c246aa85bc8534e495952e2ca208bd87994650b90a23d745902db9a", size = 170155 },
    { url = "https://files.pythonhosted.org/packages/75/2d/83a5aca7247a655b1da5eb0ee73413abd5c3a57fc8b92915805e6033359d/websockets-14.2-cp313-cp313-musllinux_1_2_aarch64.whl", hash = "sha256:eabdb28b972f3729348e632ab08f2a7b616c7e53d5414c12108c29972e655b20", size = 170495 },
    { url = "https://files.pythonhosted.org/packages/79/dd/699238a92761e2f943885e091486378813ac8f43e3c84990bc394c2be93e/websockets-14.2-cp313-cp313-musllinux_1_2_i686.whl", hash = "sha256:2066dc4cbcc19f32c12a5a0e8cc1b7ac734e5b64ac0a325ff8353451c4b15ef2", size = 169880 },
    { url = "https://files.pythonhosted.org/packages/c8/c9/67a8f08923cf55ce61aadda72089e3ed4353a95a3a4bc8bf42082810e580/websockets-14.2-cp313-cp313-musllinux_1_2_x86_64.whl", hash = "sha256:ab95d357cd471df61873dadf66dd05dd4709cae001dd6342edafc8dc6382f307", size = 169856 },
    { url = "https://files.pythonhosted.org/packages/17/b1/1ffdb2680c64e9c3921d99db460546194c40d4acbef999a18c37aa4d58a3/websockets-14.2-cp313-cp313-win32.whl", hash = "sha256:a9e72fb63e5f3feacdcf5b4ff53199ec8c18d66e325c34ee4c551ca748623bbc", size = 163974 },
    { url = "https://files.pythonhosted.org/packages/14/13/8b7fc4cb551b9cfd9890f0fd66e53c18a06240319915533b033a56a3d520/websockets-14.2-cp313-cp313-win_amd64.whl", hash = "sha256:b439ea828c4ba99bb3176dc8d9b933392a2413c0f6b149fdcba48393f573377f", size = 164420 },
    { url = "https://files.pythonhosted.org/packages/7b/c8/d529f8a32ce40d98309f4470780631e971a5a842b60aec864833b3615786/websockets-14.2-py3-none-any.whl", hash = "sha256:7a6ceec4ea84469f15cf15807a747e9efe57e369c384fa86e022b3bea679b79b", size = 157416 },
]
